{
  "name": "@cho-ui/components",
  "version": "1.0.0",
  "lockfileVersion": 3,
  "requires": true,
  "packages": {
    "": {
      "name": "@cho-ui/components",
      "version": "1.0.0",
      "license": "ISC",
      "dependencies": {
        "mitt": "1.1.3"
      }
    },
    "../node_modules/.pnpm/mitt@1.1.3/node_modules/mitt": {
      "version": "1.1.3",
      "license": "MIT",
      "devDependencies": {
        "babel-core": "^6.9.1",
        "babel-eslint": "^7.1.1",
        "babel-plugin-transform-flow-strip-types": "^6.21.0",
        "babel-preset-es2015": "^6.9.0",
        "babel-preset-stage-0": "^6.5.0",
        "chai": "^3.5.0",
        "documentation": "^4.0.0-beta4",
        "eslint": "^3.13.1",
        "flow-bin": "^0.38.0",
        "flow-remove-types": "^1.2.0",
        "gzip-size-cli": "^1.0.0",
        "mocha": "^3.2.0",
        "npm-run-all": "^2.1.1",
        "pretty-bytes-cli": "^2.0.0",
        "reify": "^0.8.3",
        "rimraf": "^2.5.2",
        "rollup": "^0.41.4",
        "rollup-plugin-buble": "^0.15.0",
        "rollup-plugin-flow": "^1.1.1",
        "sinon": "^1.17.4",
        "sinon-chai": "^2.8.0",
        "standard-version": "^4.0.0",
        "strip-json-comments-cli": "^1.0.1",
        "uglify-js": "^2.6.2"
      }
    },
    "node_modules/mitt": {
      "resolved": "../node_modules/.pnpm/mitt@1.1.3/node_modules/mitt",
      "link": true
    }
  }
}
